
Microsoft Visual Studio Solution File, Format Version 12.00
# Visual Studio Version 16
VisualStudioVersion = 16.0.31005.135
MinimumVisualStudioVersion = 10.0.40219.1
Project("{8BC9CEB8-8B4A-11D0-8D11-00A0C91BC942}") = "FindAndReplace", "FindAndReplace\FindAndReplace.vcxproj", "{F4AA5F35-158B-4A6B-A5A8-CD67082839FE}"
EndProject
Project("{8BC9CEB8-8B4A-11D0-8D11-00A0C91BC942}") = "FindAndReplace_tests", "FindAndReplace_tests\FindAndReplace_tests.vcxproj", "{666AEF8B-C6B8-43E6-88B5-3626856000CA}"
EndProject
Global
	GlobalSection(SolutionConfigurationPlatforms) = preSolution
		Debug|x64 = Debug|x64
		Debug|x86 = Debug|x86
		Release|x64 = Release|x64
		Release|x86 = Release|x86
	EndGlobalSection
	GlobalSection(ProjectConfigurationPlatforms) = postSolution
		{F4AA5F35-158B-4A6B-A5A8-CD67082839FE}.Debug|x64.ActiveCfg = Debug|x64
		{F4AA5F35-158B-4A6B-A5A8-CD67082839FE}.Debug|x64.Build.0 = Debug|x64
		{F4AA5F35-158B-4A6B-A5A8-CD67082839FE}.Debug|x86.ActiveCfg = Debug|Win32
		{F4AA5F35-158B-4A6B-A5A8-CD67082839FE}.Debug|x86.Build.0 = Debug|Win32
		{F4AA5F35-158B-4A6B-A5A8-CD67082839FE}.Release|x64.ActiveCfg = Release|x64
		{F4AA5F35-158B-4A6B-A5A8-CD67082839FE}.Release|x64.Build.0 = Release|x64
		{F4AA5F35-158B-4A6B-A5A8-CD67082839FE}.Release|x86.ActiveCfg = Release|Win32
		{F4AA5F35-158B-4A6B-A5A8-CD67082839FE}.Release|x86.Build.0 = Release|Win32
		{666AEF8B-C6B8-43E6-88B5-3626856000CA}.Debug|x64.ActiveCfg = Debug|x64
		{666AEF8B-C6B8-43E6-88B5-3626856000CA}.Debug|x64.Build.0 = Debug|x64
		{666AEF8B-C6B8-43E6-88B5-3626856000CA}.Debug|x86.ActiveCfg = Debug|Win32
		{666AEF8B-C6B8-43E6-88B5-3626856000CA}.Debug|x86.Build.0 = Debug|Win32
		{666AEF8B-C6B8-43E6-88B5-3626856000CA}.Release|x64.ActiveCfg = Release|x64
		{666AEF8B-C6B8-43E6-88B5-3626856000CA}.Release|x64.Build.0 = Release|x64
		{666AEF8B-C6B8-43E6-88B5-3626856000CA}.Release|x86.ActiveCfg = Release|Win32
		{666AEF8B-C6B8-43E6-88B5-3626856000CA}.Release|x86.Build.0 = Release|Win32
	EndGlobalSection
	GlobalSection(SolutionProperties) = preSolution
		HideSolutionNode = FALSE
	EndGlobalSection
	GlobalSection(ExtensibilityGlobals) = postSolution
		SolutionGuid = {4DECB7B9-33CF-432D-BB9F-9EC45930EE28}
	EndGlobalSection
EndGlobal
